// !$*UTF8*$!
{
	archiveVersion = 1;
	classes = {
	};
	objectVersion = 52;
	objects = {

/* Begin PBXBuildFile section */
		5214B1DA258BA5E300040335 /* Game.swift in Sources */ = {isa = PBXBuildFile; fileRef = 5214B1D9258BA5E300040335 /* Game.swift */; };
		5214B1E6258BAD6600040335 /* SDWebImageSwiftUI in Frameworks */ = {isa = PBXBuildFile; productRef = 5214B1E5258BAD6600040335 /* SDWebImageSwiftUI */; };
		5214B1EA258BB32500040335 /* GameRow.swift in Sources */ = {isa = PBXBuildFile; fileRef = 5214B1E9258BB32500040335 /* GameRow.swift */; };
		523C2DE4259866CE004E597D /* ProgressView.swift in Sources */ = {isa = PBXBuildFile; fileRef = 523C2DE3259866CE004E597D /* ProgressView.swift */; };
		52664BAB25A0ECF300F3BB3F /* ProfilePresenter.swift in Sources */ = {isa = PBXBuildFile; fileRef = 52664BAA25A0ECF300F3BB3F /* ProfilePresenter.swift */; };
		5267E250258F920500FF7FBB /* GameSearchRow.swift in Sources */ = {isa = PBXBuildFile; fileRef = 5267E24F258F920500FF7FBB /* GameSearchRow.swift */; };
		528BB2C725FE311B0093A93F /* LocaleDataSource.swift in Sources */ = {isa = PBXBuildFile; fileRef = 528BB2C625FE311B0093A93F /* LocaleDataSource.swift */; };
		528BB2CB25FE31290093A93F /* RemoteDataSource.swift in Sources */ = {isa = PBXBuildFile; fileRef = 528BB2CA25FE31290093A93F /* RemoteDataSource.swift */; };
		528BB2CE25FE31780093A93F /* Injection.swift in Sources */ = {isa = PBXBuildFile; fileRef = 528BB2CD25FE31780093A93F /* Injection.swift */; };
		528BB2D225FE31B40093A93F /* Extensions.swift in Sources */ = {isa = PBXBuildFile; fileRef = 528BB2D125FE31B40093A93F /* Extensions.swift */; };
		528BB2D625FE59630093A93F /* Constants.swift in Sources */ = {isa = PBXBuildFile; fileRef = 528BB2D525FE59630093A93F /* Constants.swift */; };
		528BB2DC25FE64A70093A93F /* RealmSwift in Frameworks */ = {isa = PBXBuildFile; productRef = 528BB2DB25FE64A70093A93F /* RealmSwift */; };
		528BB2DE25FE64A70093A93F /* Realm in Frameworks */ = {isa = PBXBuildFile; productRef = 528BB2DD25FE64A70093A93F /* Realm */; };
		528BB2E425FF2C6D0093A93F /* GamesResponse.swift in Sources */ = {isa = PBXBuildFile; fileRef = 528BB2E325FF2C6D0093A93F /* GamesResponse.swift */; };
		528BB2EB25FF2D230093A93F /* GameEntity.swift in Sources */ = {isa = PBXBuildFile; fileRef = 528BB2EA25FF2D230093A93F /* GameEntity.swift */; };
		528BB2EE25FF31050093A93F /* CustomError.swift in Sources */ = {isa = PBXBuildFile; fileRef = 528BB2ED25FF31050093A93F /* CustomError.swift */; };
		528BB2F125FF315C0093A93F /* GameRepository.swift in Sources */ = {isa = PBXBuildFile; fileRef = 528BB2F025FF315C0093A93F /* GameRepository.swift */; };
		528BB2F425FF33050093A93F /* GameMapper.swift in Sources */ = {isa = PBXBuildFile; fileRef = 528BB2F325FF33050093A93F /* GameMapper.swift */; };
		528BB2FB25FF428D0093A93F /* HomeInteractor.swift in Sources */ = {isa = PBXBuildFile; fileRef = 528BB2FA25FF428D0093A93F /* HomeInteractor.swift */; };
		528BB30125FF44970093A93F /* HomePresenter.swift in Sources */ = {isa = PBXBuildFile; fileRef = 528BB30025FF44970093A93F /* HomePresenter.swift */; };
		528BB31225FF693B0093A93F /* ActivityIndicator.swift in Sources */ = {isa = PBXBuildFile; fileRef = 528BB31125FF693B0093A93F /* ActivityIndicator.swift */; };
		528BB32125FF763C0093A93F /* SearchPresenter.swift in Sources */ = {isa = PBXBuildFile; fileRef = 528BB32025FF763C0093A93F /* SearchPresenter.swift */; };
		528BB32425FF76970093A93F /* SearchInteractor.swift in Sources */ = {isa = PBXBuildFile; fileRef = 528BB32325FF76970093A93F /* SearchInteractor.swift */; };
		528BB32825FF9B130093A93F /* HomeRouter.swift in Sources */ = {isa = PBXBuildFile; fileRef = 528BB32725FF9B130093A93F /* HomeRouter.swift */; };
		528BB33525FFB74F0093A93F /* DetailGameResponse.swift in Sources */ = {isa = PBXBuildFile; fileRef = 528BB33425FFB74F0093A93F /* DetailGameResponse.swift */; };
		528BB33825FFB75E0093A93F /* DetailGame.swift in Sources */ = {isa = PBXBuildFile; fileRef = 528BB33725FFB75E0093A93F /* DetailGame.swift */; };
		528BB33C25FFB9050093A93F /* DetailGameMapper.swift in Sources */ = {isa = PBXBuildFile; fileRef = 528BB33B25FFB9050093A93F /* DetailGameMapper.swift */; };
		528BB33F25FFBC8A0093A93F /* DetailInteractor.swift in Sources */ = {isa = PBXBuildFile; fileRef = 528BB33E25FFBC8A0093A93F /* DetailInteractor.swift */; };
		528BB34325FFBDCF0093A93F /* DetailPresenter.swift in Sources */ = {isa = PBXBuildFile; fileRef = 528BB34225FFBDCF0093A93F /* DetailPresenter.swift */; };
		528BB34725FFC86E0093A93F /* SearchRouter.swift in Sources */ = {isa = PBXBuildFile; fileRef = 528BB34625FFC86E0093A93F /* SearchRouter.swift */; };
		528BB34B25FFD00D0093A93F /* .swiftlint.yml in Resources */ = {isa = PBXBuildFile; fileRef = 528BB34A25FFD00D0093A93F /* .swiftlint.yml */; };
		528EDF0B258D239E0084A21D /* Alamofire in Frameworks */ = {isa = PBXBuildFile; productRef = 528EDF0A258D239E0084A21D /* Alamofire */; };
		529AF9C1258A384D00255BD8 /* GameCatalogueApp.swift in Sources */ = {isa = PBXBuildFile; fileRef = 529AF9C0258A384D00255BD8 /* GameCatalogueApp.swift */; };
		529AF9C3258A384D00255BD8 /* GameView.swift in Sources */ = {isa = PBXBuildFile; fileRef = 529AF9C2258A384D00255BD8 /* GameView.swift */; };
		529AF9C5258A384E00255BD8 /* Assets.xcassets in Resources */ = {isa = PBXBuildFile; fileRef = 529AF9C4258A384E00255BD8 /* Assets.xcassets */; };
		529AF9C8258A384E00255BD8 /* Preview Assets.xcassets in Resources */ = {isa = PBXBuildFile; fileRef = 529AF9C7258A384E00255BD8 /* Preview Assets.xcassets */; };
		52AC55EB2599869C00FD48D2 /* GameFavoritesRow.swift in Sources */ = {isa = PBXBuildFile; fileRef = 52AC55EA2599869C00FD48D2 /* GameFavoritesRow.swift */; };
		52BE2814259078C7005D8F1A /* GameDetail.swift in Sources */ = {isa = PBXBuildFile; fileRef = 52BE2813259078C7005D8F1A /* GameDetail.swift */; };
		52C5E33E258E184900E20438 /* Profile.swift in Sources */ = {isa = PBXBuildFile; fileRef = 52C5E33D258E184900E20438 /* Profile.swift */; };
		52C5E342258E1D0D00E20438 /* GameSearch.swift in Sources */ = {isa = PBXBuildFile; fileRef = 52C5E341258E1D0D00E20438 /* GameSearch.swift */; };
		52E0C4DF259EC4AA00073156 /* GameFavorite.swift in Sources */ = {isa = PBXBuildFile; fileRef = 52E0C4DE259EC4AA00073156 /* GameFavorite.swift */; };
		52E0C4F7259F521700073156 /* ContentView.swift in Sources */ = {isa = PBXBuildFile; fileRef = 52E0C4F6259F521700073156 /* ContentView.swift */; };
/* End PBXBuildFile section */

/* Begin PBXFileReference section */
		5214B1D9258BA5E300040335 /* Game.swift */ = {isa = PBXFileReference; lastKnownFileType = sourcecode.swift; path = Game.swift; sourceTree = "<group>"; };
		5214B1E9258BB32500040335 /* GameRow.swift */ = {isa = PBXFileReference; lastKnownFileType = sourcecode.swift; path = GameRow.swift; sourceTree = "<group>"; };
		523C2DE3259866CE004E597D /* ProgressView.swift */ = {isa = PBXFileReference; lastKnownFileType = sourcecode.swift; path = ProgressView.swift; sourceTree = "<group>"; };
		52664BAA25A0ECF300F3BB3F /* ProfilePresenter.swift */ = {isa = PBXFileReference; lastKnownFileType = sourcecode.swift; path = ProfilePresenter.swift; sourceTree = "<group>"; };
		5267E24F258F920500FF7FBB /* GameSearchRow.swift */ = {isa = PBXFileReference; lastKnownFileType = sourcecode.swift; path = GameSearchRow.swift; sourceTree = "<group>"; };
		528BB2C625FE311B0093A93F /* LocaleDataSource.swift */ = {isa = PBXFileReference; lastKnownFileType = sourcecode.swift; path = LocaleDataSource.swift; sourceTree = "<group>"; };
		528BB2CA25FE31290093A93F /* RemoteDataSource.swift */ = {isa = PBXFileReference; lastKnownFileType = sourcecode.swift; path = RemoteDataSource.swift; sourceTree = "<group>"; };
		528BB2CD25FE31780093A93F /* Injection.swift */ = {isa = PBXFileReference; lastKnownFileType = sourcecode.swift; path = Injection.swift; sourceTree = "<group>"; };
		528BB2D125FE31B40093A93F /* Extensions.swift */ = {isa = PBXFileReference; lastKnownFileType = sourcecode.swift; path = Extensions.swift; sourceTree = "<group>"; };
		528BB2D525FE59630093A93F /* Constants.swift */ = {isa = PBXFileReference; lastKnownFileType = sourcecode.swift; path = Constants.swift; sourceTree = "<group>"; };
		528BB2E325FF2C6D0093A93F /* GamesResponse.swift */ = {isa = PBXFileReference; lastKnownFileType = sourcecode.swift; path = GamesResponse.swift; sourceTree = "<group>"; };
		528BB2EA25FF2D230093A93F /* GameEntity.swift */ = {isa = PBXFileReference; lastKnownFileType = sourcecode.swift; path = GameEntity.swift; sourceTree = "<group>"; };
		528BB2ED25FF31050093A93F /* CustomError.swift */ = {isa = PBXFileReference; lastKnownFileType = sourcecode.swift; path = CustomError.swift; sourceTree = "<group>"; };
		528BB2F025FF315C0093A93F /* GameRepository.swift */ = {isa = PBXFileReference; lastKnownFileType = sourcecode.swift; path = GameRepository.swift; sourceTree = "<group>"; };
		528BB2F325FF33050093A93F /* GameMapper.swift */ = {isa = PBXFileReference; lastKnownFileType = sourcecode.swift; path = GameMapper.swift; sourceTree = "<group>"; };
		528BB2FA25FF428D0093A93F /* HomeInteractor.swift */ = {isa = PBXFileReference; lastKnownFileType = sourcecode.swift; path = HomeInteractor.swift; sourceTree = "<group>"; };
		528BB30025FF44970093A93F /* HomePresenter.swift */ = {isa = PBXFileReference; lastKnownFileType = sourcecode.swift; path = HomePresenter.swift; sourceTree = "<group>"; };
		528BB31125FF693B0093A93F /* ActivityIndicator.swift */ = {isa = PBXFileReference; lastKnownFileType = sourcecode.swift; path = ActivityIndicator.swift; sourceTree = "<group>"; };
		528BB32025FF763C0093A93F /* SearchPresenter.swift */ = {isa = PBXFileReference; lastKnownFileType = sourcecode.swift; path = SearchPresenter.swift; sourceTree = "<group>"; };
		528BB32325FF76970093A93F /* SearchInteractor.swift */ = {isa = PBXFileReference; lastKnownFileType = sourcecode.swift; path = SearchInteractor.swift; sourceTree = "<group>"; };
		528BB32725FF9B130093A93F /* HomeRouter.swift */ = {isa = PBXFileReference; lastKnownFileType = sourcecode.swift; path = HomeRouter.swift; sourceTree = "<group>"; };
		528BB33425FFB74F0093A93F /* DetailGameResponse.swift */ = {isa = PBXFileReference; lastKnownFileType = sourcecode.swift; path = DetailGameResponse.swift; sourceTree = "<group>"; };
		528BB33725FFB75E0093A93F /* DetailGame.swift */ = {isa = PBXFileReference; lastKnownFileType = sourcecode.swift; path = DetailGame.swift; sourceTree = "<group>"; };
		528BB33B25FFB9050093A93F /* DetailGameMapper.swift */ = {isa = PBXFileReference; lastKnownFileType = sourcecode.swift; path = DetailGameMapper.swift; sourceTree = "<group>"; };
		528BB33E25FFBC8A0093A93F /* DetailInteractor.swift */ = {isa = PBXFileReference; lastKnownFileType = sourcecode.swift; path = DetailInteractor.swift; sourceTree = "<group>"; };
		528BB34225FFBDCF0093A93F /* DetailPresenter.swift */ = {isa = PBXFileReference; lastKnownFileType = sourcecode.swift; path = DetailPresenter.swift; sourceTree = "<group>"; };
		528BB34625FFC86E0093A93F /* SearchRouter.swift */ = {isa = PBXFileReference; lastKnownFileType = sourcecode.swift; path = SearchRouter.swift; sourceTree = "<group>"; };
		528BB34A25FFD00D0093A93F /* .swiftlint.yml */ = {isa = PBXFileReference; lastKnownFileType = text.yaml; path = .swiftlint.yml; sourceTree = "<group>"; };
		529AF9BD258A384D00255BD8 /* GameCatalogue.app */ = {isa = PBXFileReference; explicitFileType = wrapper.application; includeInIndex = 0; path = GameCatalogue.app; sourceTree = BUILT_PRODUCTS_DIR; };
		529AF9C0258A384D00255BD8 /* GameCatalogueApp.swift */ = {isa = PBXFileReference; lastKnownFileType = sourcecode.swift; path = GameCatalogueApp.swift; sourceTree = "<group>"; };
		529AF9C2258A384D00255BD8 /* GameView.swift */ = {isa = PBXFileReference; lastKnownFileType = sourcecode.swift; path = GameView.swift; sourceTree = "<group>"; };
		529AF9C4258A384E00255BD8 /* Assets.xcassets */ = {isa = PBXFileReference; lastKnownFileType = folder.assetcatalog; path = Assets.xcassets; sourceTree = "<group>"; };
		529AF9C7258A384E00255BD8 /* Preview Assets.xcassets */ = {isa = PBXFileReference; lastKnownFileType = folder.assetcatalog; path = "Preview Assets.xcassets"; sourceTree = "<group>"; };
		529AF9C9258A384E00255BD8 /* Info.plist */ = {isa = PBXFileReference; lastKnownFileType = text.plist.xml; path = Info.plist; sourceTree = "<group>"; };
		52AC55EA2599869C00FD48D2 /* GameFavoritesRow.swift */ = {isa = PBXFileReference; lastKnownFileType = sourcecode.swift; path = GameFavoritesRow.swift; sourceTree = "<group>"; };
		52BE2813259078C7005D8F1A /* GameDetail.swift */ = {isa = PBXFileReference; lastKnownFileType = sourcecode.swift; path = GameDetail.swift; sourceTree = "<group>"; };
		52C5E33D258E184900E20438 /* Profile.swift */ = {isa = PBXFileReference; lastKnownFileType = sourcecode.swift; path = Profile.swift; sourceTree = "<group>"; };
		52C5E341258E1D0D00E20438 /* GameSearch.swift */ = {isa = PBXFileReference; lastKnownFileType = sourcecode.swift; path = GameSearch.swift; sourceTree = "<group>"; };
		52E0C4DE259EC4AA00073156 /* GameFavorite.swift */ = {isa = PBXFileReference; lastKnownFileType = sourcecode.swift; path = GameFavorite.swift; sourceTree = "<group>"; };
		52E0C4F6259F521700073156 /* ContentView.swift */ = {isa = PBXFileReference; lastKnownFileType = sourcecode.swift; path = ContentView.swift; sourceTree = "<group>"; };
/* End PBXFileReference section */

/* Begin PBXFrameworksBuildPhase section */
		529AF9BA258A384D00255BD8 /* Frameworks */ = {
			isa = PBXFrameworksBuildPhase;
			buildActionMask = 2147483647;
			files = (
				528BB2DC25FE64A70093A93F /* RealmSwift in Frameworks */,
				5214B1E6258BAD6600040335 /* SDWebImageSwiftUI in Frameworks */,
				528BB2DE25FE64A70093A93F /* Realm in Frameworks */,
				528EDF0B258D239E0084A21D /* Alamofire in Frameworks */,
			);
			runOnlyForDeploymentPostprocessing = 0;
		};
/* End PBXFrameworksBuildPhase section */

/* Begin PBXGroup section */
		52068FEE259F62BE001E84C2 /* Search */ = {
			isa = PBXGroup;
			children = (
				528BB34525FFC85D0093A93F /* Router */,
				528BB31525FF6E9B0093A93F /* Presenter */,
				528BB31425FF6E830093A93F /* View */,
			);
			path = Search;
			sourceTree = "<group>";
		};
		52664BA925A0EC7B00F3BB3F /* Profile */ = {
			isa = PBXGroup;
			children = (
				528BB30925FF44CA0093A93F /* Presenter */,
				528BB30B25FF44DD0093A93F /* View */,
			);
			path = Profile;
			sourceTree = "<group>";
		};
		5267E24E258F91D500FF7FBB /* Utils */ = {
			isa = PBXGroup;
			children = (
				523C2DE3259866CE004E597D /* ProgressView.swift */,
				528BB2D125FE31B40093A93F /* Extensions.swift */,
				528BB2D525FE59630093A93F /* Constants.swift */,
				528BB2ED25FF31050093A93F /* CustomError.swift */,
				528BB31125FF693B0093A93F /* ActivityIndicator.swift */,
			);
			path = Utils;
			sourceTree = "<group>";
		};
		527B5DEB25FE22DD00867B28 /* App */ = {
			isa = PBXGroup;
			children = (
				529AF9C0258A384D00255BD8 /* GameCatalogueApp.swift */,
				52E0C4F6259F521700073156 /* ContentView.swift */,
			);
			path = App;
			sourceTree = "<group>";
		};
		527B5DEC25FE22E800867B28 /* Core */ = {
			isa = PBXGroup;
			children = (
				527B5DF225FE245A00867B28 /* DI */,
				529AF9D2258A3E1400255BD8 /* Data */,
				527B5DF125FE245400867B28 /* Domain */,
			);
			path = Core;
			sourceTree = "<group>";
		};
		527B5DED25FE230800867B28 /* Module */ = {
			isa = PBXGroup;
			children = (
				528BB32C25FFB3750093A93F /* Detail */,
				52664BA925A0EC7B00F3BB3F /* Profile */,
				52BE281D2590C4AB005D8F1A /* Favorite */,
				52068FEE259F62BE001E84C2 /* Search */,
				52BE281E2590C4B4005D8F1A /* Home */,
			);
			path = Module;
			sourceTree = "<group>";
		};
		527B5DF125FE245400867B28 /* Domain */ = {
			isa = PBXGroup;
			children = (
				528BB2F925FF426F0093A93F /* UseCase */,
				52AC55F925998DE700FD48D2 /* Model */,
			);
			path = Domain;
			sourceTree = "<group>";
		};
		527B5DF225FE245A00867B28 /* DI */ = {
			isa = PBXGroup;
			children = (
				528BB2CD25FE31780093A93F /* Injection.swift */,
			);
			path = DI;
			sourceTree = "<group>";
		};
		528BB2C425FE30F70093A93F /* Response */ = {
			isa = PBXGroup;
			children = (
				528BB2E325FF2C6D0093A93F /* GamesResponse.swift */,
				528BB33425FFB74F0093A93F /* DetailGameResponse.swift */,
			);
			path = Response;
			sourceTree = "<group>";
		};
		528BB2C525FE31050093A93F /* Entity */ = {
			isa = PBXGroup;
			children = (
				528BB2EA25FF2D230093A93F /* GameEntity.swift */,
			);
			path = Entity;
			sourceTree = "<group>";
		};
		528BB2F925FF426F0093A93F /* UseCase */ = {
			isa = PBXGroup;
			children = (
				528BB2FA25FF428D0093A93F /* HomeInteractor.swift */,
				528BB32325FF76970093A93F /* SearchInteractor.swift */,
				528BB33E25FFBC8A0093A93F /* DetailInteractor.swift */,
			);
			path = UseCase;
			sourceTree = "<group>";
		};
		528BB2FE25FF44780093A93F /* View */ = {
			isa = PBXGroup;
			children = (
				5214B1E9258BB32500040335 /* GameRow.swift */,
				529AF9C2258A384D00255BD8 /* GameView.swift */,
			);
			path = View;
			sourceTree = "<group>";
		};
		528BB2FF25FF44820093A93F /* Presenter */ = {
			isa = PBXGroup;
			children = (
				528BB30025FF44970093A93F /* HomePresenter.swift */,
			);
			path = Presenter;
			sourceTree = "<group>";
		};
		528BB30925FF44CA0093A93F /* Presenter */ = {
			isa = PBXGroup;
			children = (
				52664BAA25A0ECF300F3BB3F /* ProfilePresenter.swift */,
			);
			path = Presenter;
			sourceTree = "<group>";
		};
		528BB30B25FF44DD0093A93F /* View */ = {
			isa = PBXGroup;
			children = (
				52C5E33D258E184900E20438 /* Profile.swift */,
			);
			path = View;
			sourceTree = "<group>";
		};
		528BB30E25FF49210093A93F /* Router */ = {
			isa = PBXGroup;
			children = (
				528BB32725FF9B130093A93F /* HomeRouter.swift */,
			);
			path = Router;
			sourceTree = "<group>";
		};
		528BB31425FF6E830093A93F /* View */ = {
			isa = PBXGroup;
			children = (
				5267E24F258F920500FF7FBB /* GameSearchRow.swift */,
				52C5E341258E1D0D00E20438 /* GameSearch.swift */,
			);
			path = View;
			sourceTree = "<group>";
		};
		528BB31525FF6E9B0093A93F /* Presenter */ = {
			isa = PBXGroup;
			children = (
				528BB32025FF763C0093A93F /* SearchPresenter.swift */,
			);
			path = Presenter;
			sourceTree = "<group>";
		};
		528BB31725FF72960093A93F /* Mapper */ = {
			isa = PBXGroup;
			children = (
				528BB2F325FF33050093A93F /* GameMapper.swift */,
				528BB33B25FFB9050093A93F /* DetailGameMapper.swift */,
			);
			path = Mapper;
			sourceTree = "<group>";
		};
		528BB32C25FFB3750093A93F /* Detail */ = {
			isa = PBXGroup;
			children = (
				528BB32F25FFB3960093A93F /* Router */,
				528BB32E25FFB38F0093A93F /* Presenter */,
				528BB32D25FFB3880093A93F /* View */,
			);
			path = Detail;
			sourceTree = "<group>";
		};
		528BB32D25FFB3880093A93F /* View */ = {
			isa = PBXGroup;
			children = (
				52BE2813259078C7005D8F1A /* GameDetail.swift */,
			);
			path = View;
			sourceTree = "<group>";
		};
		528BB32E25FFB38F0093A93F /* Presenter */ = {
			isa = PBXGroup;
			children = (
				528BB34225FFBDCF0093A93F /* DetailPresenter.swift */,
			);
			path = Presenter;
			sourceTree = "<group>";
		};
		528BB32F25FFB3960093A93F /* Router */ = {
			isa = PBXGroup;
			children = (
			);
			path = Router;
			sourceTree = "<group>";
		};
		528BB34525FFC85D0093A93F /* Router */ = {
			isa = PBXGroup;
			children = (
				528BB34625FFC86E0093A93F /* SearchRouter.swift */,
			);
			path = Router;
			sourceTree = "<group>";
		};
		528EDF0F258D283E0084A21D /* Supporting Files */ = {
			isa = PBXGroup;
			children = (
				529AF9C9258A384E00255BD8 /* Info.plist */,
				529AF9C4258A384E00255BD8 /* Assets.xcassets */,
			);
			path = "Supporting Files";
			sourceTree = "<group>";
		};
		529AF9B4258A384D00255BD8 = {
			isa = PBXGroup;
			children = (
				528BB34A25FFD00D0093A93F /* .swiftlint.yml */,
				529AF9BF258A384D00255BD8 /* GameCatalogue */,
				529AF9BE258A384D00255BD8 /* Products */,
			);
			sourceTree = "<group>";
		};
		529AF9BE258A384D00255BD8 /* Products */ = {
			isa = PBXGroup;
			children = (
				529AF9BD258A384D00255BD8 /* GameCatalogue.app */,
			);
			name = Products;
			sourceTree = "<group>";
		};
		529AF9BF258A384D00255BD8 /* GameCatalogue */ = {
			isa = PBXGroup;
			children = (
				527B5DEB25FE22DD00867B28 /* App */,
				527B5DEC25FE22E800867B28 /* Core */,
				527B5DED25FE230800867B28 /* Module */,
				5267E24E258F91D500FF7FBB /* Utils */,
				528EDF0F258D283E0084A21D /* Supporting Files */,
				529AF9C6258A384E00255BD8 /* Preview Content */,
			);
			path = GameCatalogue;
			sourceTree = "<group>";
		};
		529AF9C6258A384E00255BD8 /* Preview Content */ = {
			isa = PBXGroup;
			children = (
				529AF9C7258A384E00255BD8 /* Preview Assets.xcassets */,
			);
			path = "Preview Content";
			sourceTree = "<group>";
		};
		529AF9D2258A3E1400255BD8 /* Data */ = {
			isa = PBXGroup;
			children = (
				52AC55ED25998B9900FD48D2 /* Remote */,
				52AC55EE25998BA900FD48D2 /* Locale */,
				528BB31725FF72960093A93F /* Mapper */,
				528BB2F025FF315C0093A93F /* GameRepository.swift */,
			);
			path = Data;
			sourceTree = "<group>";
		};
		52AC55ED25998B9900FD48D2 /* Remote */ = {
			isa = PBXGroup;
			children = (
				528BB2C425FE30F70093A93F /* Response */,
				528BB2CA25FE31290093A93F /* RemoteDataSource.swift */,
			);
			path = Remote;
			sourceTree = "<group>";
		};
		52AC55EE25998BA900FD48D2 /* Locale */ = {
			isa = PBXGroup;
			children = (
				528BB2C525FE31050093A93F /* Entity */,
				528BB2C625FE311B0093A93F /* LocaleDataSource.swift */,
			);
			path = Locale;
			sourceTree = "<group>";
		};
		52AC55F925998DE700FD48D2 /* Model */ = {
			isa = PBXGroup;
			children = (
				5214B1D9258BA5E300040335 /* Game.swift */,
				528BB33725FFB75E0093A93F /* DetailGame.swift */,
			);
			path = Model;
			sourceTree = "<group>";
		};
		52BE281D2590C4AB005D8F1A /* Favorite */ = {
			isa = PBXGroup;
			children = (
				52AC55EA2599869C00FD48D2 /* GameFavoritesRow.swift */,
				52E0C4DE259EC4AA00073156 /* GameFavorite.swift */,
			);
			path = Favorite;
			sourceTree = "<group>";
		};
		52BE281E2590C4B4005D8F1A /* Home */ = {
			isa = PBXGroup;
			children = (
				528BB2FF25FF44820093A93F /* Presenter */,
				528BB2FE25FF44780093A93F /* View */,
				528BB30E25FF49210093A93F /* Router */,
			);
			path = Home;
			sourceTree = "<group>";
		};
/* End PBXGroup section */

/* Begin PBXNativeTarget section */
		529AF9BC258A384D00255BD8 /* GameCatalogue */ = {
			isa = PBXNativeTarget;
			buildConfigurationList = 529AF9CC258A384E00255BD8 /* Build configuration list for PBXNativeTarget "GameCatalogue" */;
			buildPhases = (
				529AF9B9258A384D00255BD8 /* Sources */,
				529AF9BA258A384D00255BD8 /* Frameworks */,
				529AF9BB258A384D00255BD8 /* Resources */,
			);
			buildRules = (
			);
			dependencies = (
			);
			name = GameCatalogue;
			packageProductDependencies = (
				5214B1E5258BAD6600040335 /* SDWebImageSwiftUI */,
				528EDF0A258D239E0084A21D /* Alamofire */,
				528BB2DB25FE64A70093A93F /* RealmSwift */,
				528BB2DD25FE64A70093A93F /* Realm */,
			);
			productName = GameCatalogue;
			productReference = 529AF9BD258A384D00255BD8 /* GameCatalogue.app */;
			productType = "com.apple.product-type.application";
		};
/* End PBXNativeTarget section */

/* Begin PBXProject section */
		529AF9B5258A384D00255BD8 /* Project object */ = {
			isa = PBXProject;
			attributes = {
				LastSwiftUpdateCheck = 1230;
				LastUpgradeCheck = 1230;
				TargetAttributes = {
					529AF9BC258A384D00255BD8 = {
						CreatedOnToolsVersion = 12.3;
					};
				};
			};
			buildConfigurationList = 529AF9B8258A384D00255BD8 /* Build configuration list for PBXProject "GameCatalogue" */;
			compatibilityVersion = "Xcode 9.3";
			developmentRegion = en;
			hasScannedForEncodings = 0;
			knownRegions = (
				en,
				Base,
			);
			mainGroup = 529AF9B4258A384D00255BD8;
			packageReferences = (
				5214B1E4258BAD6600040335 /* XCRemoteSwiftPackageReference "SDWebImageSwiftUI" */,
				528EDF09258D239E0084A21D /* XCRemoteSwiftPackageReference "Alamofire" */,
				528BB2DA25FE64A70093A93F /* XCRemoteSwiftPackageReference "realm-cocoa" */,
			);
			productRefGroup = 529AF9BE258A384D00255BD8 /* Products */;
			projectDirPath = "";
			projectRoot = "";
			targets = (
				529AF9BC258A384D00255BD8 /* GameCatalogue */,
			);
		};
/* End PBXProject section */

/* Begin PBXResourcesBuildPhase section */
		529AF9BB258A384D00255BD8 /* Resources */ = {
			isa = PBXResourcesBuildPhase;
			buildActionMask = 2147483647;
			files = (
				528BB34B25FFD00D0093A93F /* .swiftlint.yml in Resources */,
				529AF9C8258A384E00255BD8 /* Preview Assets.xcassets in Resources */,
				529AF9C5258A384E00255BD8 /* Assets.xcassets in Resources */,
			);
			runOnlyForDeploymentPostprocessing = 0;
		};
/* End PBXResourcesBuildPhase section */

/* Begin PBXSourcesBuildPhase section */
		529AF9B9258A384D00255BD8 /* Sources */ = {
			isa = PBXSourcesBuildPhase;
			buildActionMask = 2147483647;
			files = (
				528BB2F425FF33050093A93F /* GameMapper.swift in Sources */,
				528BB2EE25FF31050093A93F /* CustomError.swift in Sources */,
				528BB30125FF44970093A93F /* HomePresenter.swift in Sources */,
				528BB33C25FFB9050093A93F /* DetailGameMapper.swift in Sources */,
				52AC55EB2599869C00FD48D2 /* GameFavoritesRow.swift in Sources */,
				52E0C4DF259EC4AA00073156 /* GameFavorite.swift in Sources */,
				52E0C4F7259F521700073156 /* ContentView.swift in Sources */,
				5214B1DA258BA5E300040335 /* Game.swift in Sources */,
				52C5E33E258E184900E20438 /* Profile.swift in Sources */,
				528BB2F125FF315C0093A93F /* GameRepository.swift in Sources */,
				528BB33525FFB74F0093A93F /* DetailGameResponse.swift in Sources */,
				528BB2FB25FF428D0093A93F /* HomeInteractor.swift in Sources */,
				5214B1EA258BB32500040335 /* GameRow.swift in Sources */,
				528BB2E425FF2C6D0093A93F /* GamesResponse.swift in Sources */,
				523C2DE4259866CE004E597D /* ProgressView.swift in Sources */,
				528BB2EB25FF2D230093A93F /* GameEntity.swift in Sources */,
				5267E250258F920500FF7FBB /* GameSearchRow.swift in Sources */,
				528BB32425FF76970093A93F /* SearchInteractor.swift in Sources */,
				528BB2D625FE59630093A93F /* Constants.swift in Sources */,
				52664BAB25A0ECF300F3BB3F /* ProfilePresenter.swift in Sources */,
				528BB2CB25FE31290093A93F /* RemoteDataSource.swift in Sources */,
				52C5E342258E1D0D00E20438 /* GameSearch.swift in Sources */,
				528BB2C725FE311B0093A93F /* LocaleDataSource.swift in Sources */,
				528BB32825FF9B130093A93F /* HomeRouter.swift in Sources */,
				528BB31225FF693B0093A93F /* ActivityIndicator.swift in Sources */,
				529AF9C3258A384D00255BD8 /* GameView.swift in Sources */,
				528BB2CE25FE31780093A93F /* Injection.swift in Sources */,
				528BB33F25FFBC8A0093A93F /* DetailInteractor.swift in Sources */,
				52BE2814259078C7005D8F1A /* GameDetail.swift in Sources */,
				528BB2D225FE31B40093A93F /* Extensions.swift in Sources */,
				528BB32125FF763C0093A93F /* SearchPresenter.swift in Sources */,
				528BB34725FFC86E0093A93F /* SearchRouter.swift in Sources */,
				529AF9C1258A384D00255BD8 /* GameCatalogueApp.swift in Sources */,
				528BB33825FFB75E0093A93F /* DetailGame.swift in Sources */,
				528BB34325FFBDCF0093A93F /* DetailPresenter.swift in Sources */,
			);
			runOnlyForDeploymentPostprocessing = 0;
		};
/* End PBXSourcesBuildPhase section */

/* Begin XCBuildConfiguration section */
		529AF9CA258A384E00255BD8 /* Debug */ = {
			isa = XCBuildConfiguration;
			buildSettings = {
				ALWAYS_SEARCH_USER_PATHS = NO;
				CLANG_ANALYZER_NONNULL = YES;
				CLANG_ANALYZER_NUMBER_OBJECT_CONVERSION = YES_AGGRESSIVE;
				CLANG_CXX_LANGUAGE_STANDARD = "gnu++14";
				CLANG_CXX_LIBRARY = "libc++";
				CLANG_ENABLE_MODULES = YES;
				CLANG_ENABLE_OBJC_ARC = YES;
				CLANG_ENABLE_OBJC_WEAK = YES;
				CLANG_WARN_BLOCK_CAPTURE_AUTORELEASING = YES;
				CLANG_WARN_BOOL_CONVERSION = YES;
				CLANG_WARN_COMMA = YES;
				CLANG_WARN_CONSTANT_CONVERSION = YES;
				CLANG_WARN_DEPRECATED_OBJC_IMPLEMENTATIONS = YES;
				CLANG_WARN_DIRECT_OBJC_ISA_USAGE = YES_ERROR;
				CLANG_WARN_DOCUMENTATION_COMMENTS = YES;
				CLANG_WARN_EMPTY_BODY = YES;
				CLANG_WARN_ENUM_CONVERSION = YES;
				CLANG_WARN_INFINITE_RECURSION = YES;
				CLANG_WARN_INT_CONVERSION = YES;
				CLANG_WARN_NON_LITERAL_NULL_CONVERSION = YES;
				CLANG_WARN_OBJC_IMPLICIT_RETAIN_SELF = YES;
				CLANG_WARN_OBJC_LITERAL_CONVERSION = YES;
				CLANG_WARN_OBJC_ROOT_CLASS = YES_ERROR;
				CLANG_WARN_QUOTED_INCLUDE_IN_FRAMEWORK_HEADER = YES;
				CLANG_WARN_RANGE_LOOP_ANALYSIS = YES;
				CLANG_WARN_STRICT_PROTOTYPES = YES;
				CLANG_WARN_SUSPICIOUS_MOVE = YES;
				CLANG_WARN_UNGUARDED_AVAILABILITY = YES_AGGRESSIVE;
				CLANG_WARN_UNREACHABLE_CODE = YES;
				CLANG_WARN__DUPLICATE_METHOD_MATCH = YES;
				COPY_PHASE_STRIP = NO;
				DEBUG_INFORMATION_FORMAT = dwarf;
				ENABLE_STRICT_OBJC_MSGSEND = YES;
				ENABLE_TESTABILITY = YES;
				GCC_C_LANGUAGE_STANDARD = gnu11;
				GCC_DYNAMIC_NO_PIC = NO;
				GCC_NO_COMMON_BLOCKS = YES;
				GCC_OPTIMIZATION_LEVEL = 0;
				GCC_PREPROCESSOR_DEFINITIONS = (
					"DEBUG=1",
					"$(inherited)",
				);
				GCC_WARN_64_TO_32_BIT_CONVERSION = YES;
				GCC_WARN_ABOUT_RETURN_TYPE = YES_ERROR;
				GCC_WARN_UNDECLARED_SELECTOR = YES;
				GCC_WARN_UNINITIALIZED_AUTOS = YES_AGGRESSIVE;
				GCC_WARN_UNUSED_FUNCTION = YES;
				GCC_WARN_UNUSED_VARIABLE = YES;
				IPHONEOS_DEPLOYMENT_TARGET = 14.3;
				MTL_ENABLE_DEBUG_INFO = INCLUDE_SOURCE;
				MTL_FAST_MATH = YES;
				ONLY_ACTIVE_ARCH = YES;
				SDKROOT = iphoneos;
				SWIFT_ACTIVE_COMPILATION_CONDITIONS = DEBUG;
				SWIFT_OPTIMIZATION_LEVEL = "-Onone";
			};
			name = Debug;
		};
		529AF9CB258A384E00255BD8 /* Release */ = {
			isa = XCBuildConfiguration;
			buildSettings = {
				ALWAYS_SEARCH_USER_PATHS = NO;
				CLANG_ANALYZER_NONNULL = YES;
				CLANG_ANALYZER_NUMBER_OBJECT_CONVERSION = YES_AGGRESSIVE;
				CLANG_CXX_LANGUAGE_STANDARD = "gnu++14";
				CLANG_CXX_LIBRARY = "libc++";
				CLANG_ENABLE_MODULES = YES;
				CLANG_ENABLE_OBJC_ARC = YES;
				CLANG_ENABLE_OBJC_WEAK = YES;
				CLANG_WARN_BLOCK_CAPTURE_AUTORELEASING = YES;
				CLANG_WARN_BOOL_CONVERSION = YES;
				CLANG_WARN_COMMA = YES;
				CLANG_WARN_CONSTANT_CONVERSION = YES;
				CLANG_WARN_DEPRECATED_OBJC_IMPLEMENTATIONS = YES;
				CLANG_WARN_DIRECT_OBJC_ISA_USAGE = YES_ERROR;
				CLANG_WARN_DOCUMENTATION_COMMENTS = YES;
				CLANG_WARN_EMPTY_BODY = YES;
				CLANG_WARN_ENUM_CONVERSION = YES;
				CLANG_WARN_INFINITE_RECURSION = YES;
				CLANG_WARN_INT_CONVERSION = YES;
				CLANG_WARN_NON_LITERAL_NULL_CONVERSION = YES;
				CLANG_WARN_OBJC_IMPLICIT_RETAIN_SELF = YES;
				CLANG_WARN_OBJC_LITERAL_CONVERSION = YES;
				CLANG_WARN_OBJC_ROOT_CLASS = YES_ERROR;
				CLANG_WARN_QUOTED_INCLUDE_IN_FRAMEWORK_HEADER = YES;
				CLANG_WARN_RANGE_LOOP_ANALYSIS = YES;
				CLANG_WARN_STRICT_PROTOTYPES = YES;
				CLANG_WARN_SUSPICIOUS_MOVE = YES;
				CLANG_WARN_UNGUARDED_AVAILABILITY = YES_AGGRESSIVE;
				CLANG_WARN_UNREACHABLE_CODE = YES;
				CLANG_WARN__DUPLICATE_METHOD_MATCH = YES;
				COPY_PHASE_STRIP = NO;
				DEBUG_INFORMATION_FORMAT = "dwarf-with-dsym";
				ENABLE_NS_ASSERTIONS = NO;
				ENABLE_STRICT_OBJC_MSGSEND = YES;
				GCC_C_LANGUAGE_STANDARD = gnu11;
				GCC_NO_COMMON_BLOCKS = YES;
				GCC_WARN_64_TO_32_BIT_CONVERSION = YES;
				GCC_WARN_ABOUT_RETURN_TYPE = YES_ERROR;
				GCC_WARN_UNDECLARED_SELECTOR = YES;
				GCC_WARN_UNINITIALIZED_AUTOS = YES_AGGRESSIVE;
				GCC_WARN_UNUSED_FUNCTION = YES;
				GCC_WARN_UNUSED_VARIABLE = YES;
				IPHONEOS_DEPLOYMENT_TARGET = 14.3;
				MTL_ENABLE_DEBUG_INFO = NO;
				MTL_FAST_MATH = YES;
				SDKROOT = iphoneos;
				SWIFT_COMPILATION_MODE = wholemodule;
				SWIFT_OPTIMIZATION_LEVEL = "-O";
				VALIDATE_PRODUCT = YES;
			};
			name = Release;
		};
		529AF9CD258A384E00255BD8 /* Debug */ = {
			isa = XCBuildConfiguration;
			buildSettings = {
				ASSETCATALOG_COMPILER_APPICON_NAME = AppIcon;
				ASSETCATALOG_COMPILER_GLOBAL_ACCENT_COLOR_NAME = AccentColor;
				CODE_SIGN_STYLE = Automatic;
				DEVELOPMENT_ASSET_PATHS = "\"GameCatalogue/Preview Content\"";
				DEVELOPMENT_TEAM = SM8JGRFPQU;
				ENABLE_PREVIEWS = YES;
				INFOPLIST_FILE = "GameCatalogue/Supporting Files/Info.plist";
				IPHONEOS_DEPLOYMENT_TARGET = 14.0;
				LD_RUNPATH_SEARCH_PATHS = (
					"$(inherited)",
					"@executable_path/Frameworks",
				);
				PRODUCT_BUNDLE_IDENTIFIER = com.masuwes.GameCatalogue;
				PRODUCT_NAME = "$(TARGET_NAME)";
				SWIFT_VERSION = 5.0;
				TARGETED_DEVICE_FAMILY = "1,2";
			};
			name = Debug;
		};
		529AF9CE258A384E00255BD8 /* Release */ = {
			isa = XCBuildConfiguration;
			buildSettings = {
				ASSETCATALOG_COMPILER_APPICON_NAME = AppIcon;
				ASSETCATALOG_COMPILER_GLOBAL_ACCENT_COLOR_NAME = AccentColor;
				CODE_SIGN_STYLE = Automatic;
				DEVELOPMENT_ASSET_PATHS = "\"GameCatalogue/Preview Content\"";
				DEVELOPMENT_TEAM = SM8JGRFPQU;
				ENABLE_PREVIEWS = YES;
				INFOPLIST_FILE = "GameCatalogue/Supporting Files/Info.plist";
				IPHONEOS_DEPLOYMENT_TARGET = 14.0;
				LD_RUNPATH_SEARCH_PATHS = (
					"$(inherited)",
					"@executable_path/Frameworks",
				);
				PRODUCT_BUNDLE_IDENTIFIER = com.masuwes.GameCatalogue;
				PRODUCT_NAME = "$(TARGET_NAME)";
				SWIFT_VERSION = 5.0;
				TARGETED_DEVICE_FAMILY = "1,2";
			};
			name = Release;
		};
/* End XCBuildConfiguration section */

/* Begin XCConfigurationList section */
		529AF9B8258A384D00255BD8 /* Build configuration list for PBXProject "GameCatalogue" */ = {
			isa = XCConfigurationList;
			buildConfigurations = (
				529AF9CA258A384E00255BD8 /* Debug */,
				529AF9CB258A384E00255BD8 /* Release */,
			);
			defaultConfigurationIsVisible = 0;
			defaultConfigurationName = Release;
		};
		529AF9CC258A384E00255BD8 /* Build configuration list for PBXNativeTarget "GameCatalogue" */ = {
			isa = XCConfigurationList;
			buildConfigurations = (
				529AF9CD258A384E00255BD8 /* Debug */,
				529AF9CE258A384E00255BD8 /* Release */,
			);
			defaultConfigurationIsVisible = 0;
			defaultConfigurationName = Release;
		};
/* End XCConfigurationList section */

/* Begin XCRemoteSwiftPackageReference section */
		5214B1E4258BAD6600040335 /* XCRemoteSwiftPackageReference "SDWebImageSwiftUI" */ = {
			isa = XCRemoteSwiftPackageReference;
			repositoryURL = "https://github.com/SDWebImage/SDWebImageSwiftUI.git";
			requirement = {
				kind = upToNextMajorVersion;
				minimumVersion = 1.5.0;
			};
		};
		528BB2DA25FE64A70093A93F /* XCRemoteSwiftPackageReference "realm-cocoa" */ = {
			isa = XCRemoteSwiftPackageReference;
			repositoryURL = "https://github.com/realm/realm-cocoa";
			requirement = {
				kind = upToNextMajorVersion;
				minimumVersion = 10.7.2;
			};
		};
		528EDF09258D239E0084A21D /* XCRemoteSwiftPackageReference "Alamofire" */ = {
			isa = XCRemoteSwiftPackageReference;
			repositoryURL = "https://github.com/Alamofire/Alamofire.git";
			requirement = {
				kind = upToNextMajorVersion;
				minimumVersion = 5.4.0;
			};
		};
/* End XCRemoteSwiftPackageReference section */

/* Begin XCSwiftPackageProductDependency section */
		5214B1E5258BAD6600040335 /* SDWebImageSwiftUI */ = {
			isa = XCSwiftPackageProductDependency;
			package = 5214B1E4258BAD6600040335 /* XCRemoteSwiftPackageReference "SDWebImageSwiftUI" */;
			productName = SDWebImageSwiftUI;
		};
		528BB2DB25FE64A70093A93F /* RealmSwift */ = {
			isa = XCSwiftPackageProductDependency;
			package = 528BB2DA25FE64A70093A93F /* XCRemoteSwiftPackageReference "realm-cocoa" */;
			productName = RealmSwift;
		};
		528BB2DD25FE64A70093A93F /* Realm */ = {
			isa = XCSwiftPackageProductDependency;
			package = 528BB2DA25FE64A70093A93F /* XCRemoteSwiftPackageReference "realm-cocoa" */;
			productName = Realm;
		};
		528EDF0A258D239E0084A21D /* Alamofire */ = {
			isa = XCSwiftPackageProductDependency;
			package = 528EDF09258D239E0084A21D /* XCRemoteSwiftPackageReference "Alamofire" */;
			productName = Alamofire;
		};
/* End XCSwiftPackageProductDependency section */
	};
	rootObject = 529AF9B5258A384D00255BD8 /* Project object */;
}
